
Microsoft Visual Studio Solution File, Format Version 12.00
# Visual Studio 14
VisualStudioVersion = 14.0.25123.0
MinimumVisualStudioVersion = 10.0.40219.1
Project("{FAE04EC0-301F-11D3-BF4B-00C04F79EFBC}") = "hbulens.Exam70487.WebApi", "hbulens.Exam70487.WebApi\hbulens.Exam70487.WebApi.csproj", "{CB31BACF-A746-4960-9AF6-510E967683A4}"
EndProject
Project("{FAE04EC0-301F-11D3-BF4B-00C04F79EFBC}") = "hbulens.Exam70487.Common", "hbulens.Exam70487.Common\hbulens.Exam70487.Common.csproj", "{B7E2E5A9-A358-4DE1-BA1A-E7D96A61F6C3}"
EndProject
Project("{FAE04EC0-301F-11D3-BF4B-00C04F79EFBC}") = "hbulens.Exam70487.Wcf", "hbulens.Exam70487.Wcf\hbulens.Exam70487.Wcf.csproj", "{C0103828-3EA5-4B27-B87B-D85A43E70E56}"
EndProject
Project("{FAE04EC0-301F-11D3-BF4B-00C04F79EFBC}") = "hbulens.Exam70487.Repositories", "hbulens.Exam70487.Repositories\hbulens.Exam70487.Repositories.csproj", "{F33DF655-6770-4745-9901-F15F8064BFE6}"
EndProject
Project("{2150E333-8FDC-42A3-9474-1A3956D46DE8}") = "Utilities", "Utilities", "{8F383233-BA52-40C3-B70A-3EFF5C78C7D0}"
EndProject
Project("{FAE04EC0-301F-11D3-BF4B-00C04F79EFBC}") = "hbulens.Exam70487.Core", "hbulens.Exam70487.Core\hbulens.Exam70487.Core.csproj", "{B292D5E1-E57E-49E2-B0D9-6467568FCA8B}"
EndProject
Project("{00D1A9C2-B5F0-4AF3-8072-F6C62B433612}") = "hbulens.Exam70487.Database", "hbulens.Exam70487.Database\hbulens.Exam70487.Database.sqlproj", "{07F7A172-53E2-48E7-B590-8F03E1CFB8E0}"
EndProject
Project("{8BB2217D-0F2D-49D1-97BC-3654ED321F3B}") = "hbulens.Exam70487.WebUI", "hbulens.Exam70487.WebUI\hbulens.Exam70487.WebUI.xproj", "{3584A3E2-3BD7-45E2-9C05-31C52CECD075}"
EndProject
Project("{FAE04EC0-301F-11D3-BF4B-00C04F79EFBC}") = "hbulens.Exam70487.WcfData", "hbulens.Exam70487.WcfData\hbulens.Exam70487.WcfData.csproj", "{0E214EFB-069E-42E5-959D-A1B342DA799A}"
EndProject
Project("{FAE04EC0-301F-11D3-BF4B-00C04F79EFBC}") = "hbulens.Exam70487.Blobs", "hbulens.Exam70487.Blobs\hbulens.Exam70487.Blobs.csproj", "{85C81265-CA86-4C3D-93B9-7AC54FCD20AF}"
EndProject
Project("{FAE04EC0-301F-11D3-BF4B-00C04F79EFBC}") = "hbulens.Exam70487.Queues", "hbulens.Exam70487.Queues\hbulens.Exam70487.Queues.csproj", "{FB99BAF4-BE6E-43F2-B903-50F0049AC496}"
EndProject
Project("{2150E333-8FDC-42A3-9474-1A3956D46DE8}") = "Azure", "Azure", "{78DF53A0-E148-419B-95F1-F2586B21AD3C}"
EndProject
Project("{FAE04EC0-301F-11D3-BF4B-00C04F79EFBC}") = "hbulens.Exam70487.Tables", "hbulens.Exam70487.Tables\hbulens.Exam70487.Tables.csproj", "{058D9126-C9C7-4CB2-B38A-5849F7BFC32D}"
EndProject
Project("{FAE04EC0-301F-11D3-BF4B-00C04F79EFBC}") = "hbulens.Exam70487.Files", "hbulens.Exam70487.Files\hbulens.Exam70487.Files.csproj", "{6498E995-C760-4920-8FF8-4A3EE3842D20}"
EndProject
Global
	GlobalSection(SolutionConfigurationPlatforms) = preSolution
		Debug|Any CPU = Debug|Any CPU
		Release|Any CPU = Release|Any CPU
	EndGlobalSection
	GlobalSection(ProjectConfigurationPlatforms) = postSolution
		{CB31BACF-A746-4960-9AF6-510E967683A4}.Debug|Any CPU.ActiveCfg = Debug|Any CPU
		{CB31BACF-A746-4960-9AF6-510E967683A4}.Debug|Any CPU.Build.0 = Debug|Any CPU
		{CB31BACF-A746-4960-9AF6-510E967683A4}.Release|Any CPU.ActiveCfg = Release|Any CPU
		{CB31BACF-A746-4960-9AF6-510E967683A4}.Release|Any CPU.Build.0 = Release|Any CPU
		{B7E2E5A9-A358-4DE1-BA1A-E7D96A61F6C3}.Debug|Any CPU.ActiveCfg = Debug|Any CPU
		{B7E2E5A9-A358-4DE1-BA1A-E7D96A61F6C3}.Debug|Any CPU.Build.0 = Debug|Any CPU
		{B7E2E5A9-A358-4DE1-BA1A-E7D96A61F6C3}.Release|Any CPU.ActiveCfg = Release|Any CPU
		{B7E2E5A9-A358-4DE1-BA1A-E7D96A61F6C3}.Release|Any CPU.Build.0 = Release|Any CPU
		{C0103828-3EA5-4B27-B87B-D85A43E70E56}.Debug|Any CPU.ActiveCfg = Debug|Any CPU
		{C0103828-3EA5-4B27-B87B-D85A43E70E56}.Debug|Any CPU.Build.0 = Debug|Any CPU
		{C0103828-3EA5-4B27-B87B-D85A43E70E56}.Release|Any CPU.ActiveCfg = Release|Any CPU
		{C0103828-3EA5-4B27-B87B-D85A43E70E56}.Release|Any CPU.Build.0 = Release|Any CPU
		{F33DF655-6770-4745-9901-F15F8064BFE6}.Debug|Any CPU.ActiveCfg = Debug|Any CPU
		{F33DF655-6770-4745-9901-F15F8064BFE6}.Debug|Any CPU.Build.0 = Debug|Any CPU
		{F33DF655-6770-4745-9901-F15F8064BFE6}.Release|Any CPU.ActiveCfg = Release|Any CPU
		{F33DF655-6770-4745-9901-F15F8064BFE6}.Release|Any CPU.Build.0 = Release|Any CPU
		{B292D5E1-E57E-49E2-B0D9-6467568FCA8B}.Debug|Any CPU.ActiveCfg = Debug|Any CPU
		{B292D5E1-E57E-49E2-B0D9-6467568FCA8B}.Debug|Any CPU.Build.0 = Debug|Any CPU
		{B292D5E1-E57E-49E2-B0D9-6467568FCA8B}.Release|Any CPU.ActiveCfg = Release|Any CPU
		{B292D5E1-E57E-49E2-B0D9-6467568FCA8B}.Release|Any CPU.Build.0 = Release|Any CPU
		{07F7A172-53E2-48E7-B590-8F03E1CFB8E0}.Debug|Any CPU.ActiveCfg = Debug|Any CPU
		{07F7A172-53E2-48E7-B590-8F03E1CFB8E0}.Debug|Any CPU.Build.0 = Debug|Any CPU
		{07F7A172-53E2-48E7-B590-8F03E1CFB8E0}.Debug|Any CPU.Deploy.0 = Debug|Any CPU
		{07F7A172-53E2-48E7-B590-8F03E1CFB8E0}.Release|Any CPU.ActiveCfg = Release|Any CPU
		{07F7A172-53E2-48E7-B590-8F03E1CFB8E0}.Release|Any CPU.Build.0 = Release|Any CPU
		{07F7A172-53E2-48E7-B590-8F03E1CFB8E0}.Release|Any CPU.Deploy.0 = Release|Any CPU
		{3584A3E2-3BD7-45E2-9C05-31C52CECD075}.Debug|Any CPU.ActiveCfg = Debug|Any CPU
		{3584A3E2-3BD7-45E2-9C05-31C52CECD075}.Debug|Any CPU.Build.0 = Debug|Any CPU
		{3584A3E2-3BD7-45E2-9C05-31C52CECD075}.Release|Any CPU.ActiveCfg = Release|Any CPU
		{3584A3E2-3BD7-45E2-9C05-31C52CECD075}.Release|Any CPU.Build.0 = Release|Any CPU
		{0E214EFB-069E-42E5-959D-A1B342DA799A}.Debug|Any CPU.ActiveCfg = Debug|Any CPU
		{0E214EFB-069E-42E5-959D-A1B342DA799A}.Debug|Any CPU.Build.0 = Debug|Any CPU
		{0E214EFB-069E-42E5-959D-A1B342DA799A}.Release|Any CPU.ActiveCfg = Release|Any CPU
		{0E214EFB-069E-42E5-959D-A1B342DA799A}.Release|Any CPU.Build.0 = Release|Any CPU
		{85C81265-CA86-4C3D-93B9-7AC54FCD20AF}.Debug|Any CPU.ActiveCfg = Debug|Any CPU
		{85C81265-CA86-4C3D-93B9-7AC54FCD20AF}.Debug|Any CPU.Build.0 = Debug|Any CPU
		{85C81265-CA86-4C3D-93B9-7AC54FCD20AF}.Release|Any CPU.ActiveCfg = Release|Any CPU
		{85C81265-CA86-4C3D-93B9-7AC54FCD20AF}.Release|Any CPU.Build.0 = Release|Any CPU
		{FB99BAF4-BE6E-43F2-B903-50F0049AC496}.Debug|Any CPU.ActiveCfg = Debug|Any CPU
		{FB99BAF4-BE6E-43F2-B903-50F0049AC496}.Debug|Any CPU.Build.0 = Debug|Any CPU
		{FB99BAF4-BE6E-43F2-B903-50F0049AC496}.Release|Any CPU.ActiveCfg = Release|Any CPU
		{FB99BAF4-BE6E-43F2-B903-50F0049AC496}.Release|Any CPU.Build.0 = Release|Any CPU
		{058D9126-C9C7-4CB2-B38A-5849F7BFC32D}.Debug|Any CPU.ActiveCfg = Debug|Any CPU
		{058D9126-C9C7-4CB2-B38A-5849F7BFC32D}.Debug|Any CPU.Build.0 = Debug|Any CPU
		{058D9126-C9C7-4CB2-B38A-5849F7BFC32D}.Release|Any CPU.ActiveCfg = Release|Any CPU
		{058D9126-C9C7-4CB2-B38A-5849F7BFC32D}.Release|Any CPU.Build.0 = Release|Any CPU
		{6498E995-C760-4920-8FF8-4A3EE3842D20}.Debug|Any CPU.ActiveCfg = Debug|Any CPU
		{6498E995-C760-4920-8FF8-4A3EE3842D20}.Debug|Any CPU.Build.0 = Debug|Any CPU
		{6498E995-C760-4920-8FF8-4A3EE3842D20}.Release|Any CPU.ActiveCfg = Release|Any CPU
		{6498E995-C760-4920-8FF8-4A3EE3842D20}.Release|Any CPU.Build.0 = Release|Any CPU
	EndGlobalSection
	GlobalSection(SolutionProperties) = preSolution
		HideSolutionNode = FALSE
	EndGlobalSection
	GlobalSection(NestedProjects) = preSolution
		{F33DF655-6770-4745-9901-F15F8064BFE6} = {8F383233-BA52-40C3-B70A-3EFF5C78C7D0}
		{07F7A172-53E2-48E7-B590-8F03E1CFB8E0} = {8F383233-BA52-40C3-B70A-3EFF5C78C7D0}
		{85C81265-CA86-4C3D-93B9-7AC54FCD20AF} = {78DF53A0-E148-419B-95F1-F2586B21AD3C}
		{FB99BAF4-BE6E-43F2-B903-50F0049AC496} = {78DF53A0-E148-419B-95F1-F2586B21AD3C}
		{058D9126-C9C7-4CB2-B38A-5849F7BFC32D} = {78DF53A0-E148-419B-95F1-F2586B21AD3C}
		{6498E995-C760-4920-8FF8-4A3EE3842D20} = {78DF53A0-E148-419B-95F1-F2586B21AD3C}
	EndGlobalSection
EndGlobal
